<?xml version="1.0" encoding="utf-8"?>
<Project ToolsVersion="4.0" xmlns="http://schemas.microsoft.com/developer/msbuild/2003">
  <ItemGroup>
    <Filter Include="Source Files">
      <UniqueIdentifier>{7ca37c4b-2180-43da-b7fc-48113e421177}</UniqueIdentifier>
      <Extensions>cpp;c;cxx;rc;def;r;odl;idl;hpj;bat</Extensions>
    </Filter>
    <Filter Include="Header Files">
      <UniqueIdentifier>{c38ffa2a-3f6a-4974-ab30-01ef4a2c849c}</UniqueIdentifier>
      <Extensions>h;hpp;hxx;hm;inl</Extensions>
    </Filter>
  </ItemGroup>
  <ItemGroup>
    <ClCompile Include="main.cpp">
      <Filter>Source Files</Filter>
    </ClCompile>
    <ClCompile Include="windowsspec.cpp">
      <Filter>Source Files</Filter>
    </ClCompile>
  </ItemGroup>
  <ItemGroup>
    <ResourceCompile Include="..\..\torcs.rc">
      <Filter>Source Files</Filter>
    </ResourceCompile>
  </ItemGroup>
  <ItemGroup>
    <ClInclude Include="..\libs\torcs\driverconfig.h">
      <Filter>Header Files</Filter>
    </ClInclude>
    <ClInclude Include="..\libs\torcs\exitmenu.h">
      <Filter>Header Files</Filter>
    </ClInclude>
    <ClInclude Include="..\libs\torcs\mainmenu.h">
      <Filter>Header Files</Filter>
    </ClInclude>
    <ClInclude Include="..\libs\torcs\optionmenu.h">
      <Filter>Header Files</Filter>
    </ClInclude>
    <ClInclude Include="osspec.h">
      <Filter>Header Files</Filter>
    </ClInclude>
    <ClInclude Include="..\libs\torcs\raceman.h">
      <Filter>Header Files</Filter>
    </ClInclude>
    <ClInclude Include="..\libs\torcs\splash.h">
      <Filter>Header Files</Filter>
    </ClInclude>
    <ClInclude Include="..\libs\torcs\torcs.h">
      <Filter>Header Files</Filter>
    </ClInclude>
    <ClInclude Include="windowsspec.h">
      <Filter>Header Files</Filter>
    </ClInclude>
  </ItemGroup>
  <ItemGroup>
    <Image Include="..\..\Ticon.ico" />
  </ItemGroup>
</Project>