<?xml version="1.0" encoding="utf-8"?>
<Project ToolsVersion="4.0" xmlns="http://schemas.microsoft.com/developer/msbuild/2003">
  <ItemGroup>
    <Filter Include="Source Files">
      <UniqueIdentifier>{466039f6-ee50-4208-aa52-4f81384521ab}</UniqueIdentifier>
      <Extensions>cpp;c;cxx;rc;def;r;odl;idl;hpj;bat</Extensions>
    </Filter>
    <Filter Include="Header Files">
      <UniqueIdentifier>{2fb59ec9-624e-4918-ab49-1100eb74940e}</UniqueIdentifier>
      <Extensions>h;hpp;hxx;hm;inl</Extensions>
    </Filter>
    <Filter Include="Header Files\PlanningModule">
      <UniqueIdentifier>{7ec18869-b1bb-44dd-bcb8-fa220b224930}</UniqueIdentifier>
    </Filter>
    <Filter Include="Source Files\PlanningModule">
      <UniqueIdentifier>{0bbecc7f-6f3d-41fb-9878-1aa0149b9369}</UniqueIdentifier>
    </Filter>
    <Filter Include="Header Files\ControlModule">
      <UniqueIdentifier>{fe4b7468-68cf-4a66-a7e1-e30fc20d751d}</UniqueIdentifier>
    </Filter>
    <Filter Include="Source Files\ControlModule">
      <UniqueIdentifier>{65d332d6-7ba8-4c3c-bf3c-eb2cf4ec6682}</UniqueIdentifier>
    </Filter>
    <Filter Include="Header Files\PlanningModule\Search">
      <UniqueIdentifier>{207f5ffb-b9cc-4d32-b55f-6ee56c310101}</UniqueIdentifier>
    </Filter>
    <Filter Include="Source Files\PlanningModule\Search">
      <UniqueIdentifier>{560b0ada-a145-4fae-9871-925795471326}</UniqueIdentifier>
    </Filter>
    <Filter Include="Header Files\PlanningModule\Search\RRT">
      <UniqueIdentifier>{a0e098e7-98b4-4c2d-a75a-98df6e3d39de}</UniqueIdentifier>
    </Filter>
    <Filter Include="Source Files\PlanningModule\Search\RRT">
      <UniqueIdentifier>{402c428a-ad18-4fe8-84e4-33dc44f93e79}</UniqueIdentifier>
    </Filter>
    <Filter Include="Source Files\PlanningModule\Utilities">
      <UniqueIdentifier>{abc51fbc-9e3b-43ac-bf95-c746856d7b53}</UniqueIdentifier>
    </Filter>
    <Filter Include="Header Files\PlanningModule\Utilities">
      <UniqueIdentifier>{aa2fb613-2ad7-4b45-9110-dcb80ccf9202}</UniqueIdentifier>
    </Filter>
    <Filter Include="Header Files\PlanningModule\Heuristics">
      <UniqueIdentifier>{3d647828-90ff-43ed-a79a-45ef2f9ac418}</UniqueIdentifier>
    </Filter>
  </ItemGroup>
  <ItemGroup>
    <ClCompile Include="cardata.cpp">
      <Filter>Source Files\ControlModule</Filter>
    </ClCompile>
    <ClCompile Include="opponent.cpp">
      <Filter>Source Files\ControlModule</Filter>
    </ClCompile>
    <ClCompile Include="bt.cpp">
      <Filter>Source Files</Filter>
    </ClCompile>
    <ClCompile Include="PIDController.cpp">
      <Filter>Source Files\ControlModule</Filter>
    </ClCompile>
    <ClCompile Include="driver.cpp">
      <Filter>Source Files</Filter>
    </ClCompile>
    <ClCompile Include="StatsLogWriter.cpp">
      <Filter>Source Files</Filter>
    </ClCompile>
    <ClCompile Include="ParRRT.cpp">
      <Filter>Source Files\PlanningModule\Search\RRT</Filter>
    </ClCompile>
    <ClCompile Include="SeqRRT.cpp">
      <Filter>Source Files\PlanningModule\Search\RRT</Filter>
    </ClCompile>
    <ClCompile Include="SeqIPSRRT.cpp">
      <Filter>Source Files\PlanningModule\Search\RRT</Filter>
    </ClCompile>
  </ItemGroup>
  <ItemGroup>
    <ClInclude Include="cardata.h">
      <Filter>Header Files\ControlModule</Filter>
    </ClInclude>
    <ClInclude Include="opponent.h">
      <Filter>Header Files\ControlModule</Filter>
    </ClInclude>
    <ClInclude Include="PIDController.h">
      <Filter>Header Files\ControlModule</Filter>
    </ClInclude>
    <ClInclude Include="driver.h">
      <Filter>Header Files</Filter>
    </ClInclude>
    <ClInclude Include="State.cuh">
      <Filter>Header Files\PlanningModule\Utilities</Filter>
    </ClInclude>
    <ClInclude Include="Macros.h">
      <Filter>Header Files\PlanningModule\Utilities</Filter>
    </ClInclude>
    <ClInclude Include="Kernel.cuh">
      <Filter>Header Files\PlanningModule\Utilities</Filter>
    </ClInclude>
    <ClInclude Include="StatsLogWriter.h">
      <Filter>Header Files</Filter>
    </ClInclude>
    <ClInclude Include="Heuristics.cuh">
      <Filter>Header Files\PlanningModule\Heuristics</Filter>
    </ClInclude>
    <ClInclude Include="ParRRT.h">
      <Filter>Header Files\PlanningModule\Search\RRT</Filter>
    </ClInclude>
    <ClInclude Include="RRT.cuh">
      <Filter>Header Files\PlanningModule\Search\RRT</Filter>
    </ClInclude>
    <ClInclude Include="SeqRRT.h">
      <Filter>Header Files\PlanningModule\Search\RRT</Filter>
    </ClInclude>
    <ClInclude Include="SeqIPSRRT.h">
      <Filter>Header Files\PlanningModule\Search\RRT</Filter>
    </ClInclude>
  </ItemGroup>
  <ItemGroup>
    <CudaCompile Include="Kernel.cu">
      <Filter>Source Files\PlanningModule\Utilities</Filter>
    </CudaCompile>
    <CudaCompile Include="State.cu">
      <Filter>Source Files\PlanningModule\Utilities</Filter>
    </CudaCompile>
  </ItemGroup>
  <ItemGroup>
    <None Include="bt.def">
      <Filter>Source Files</Filter>
    </None>
    <None Include="ClassDiagram.cd" />
  </ItemGroup>
</Project>