<?xml version="1.0" encoding="utf-8"?>
<Project ToolsVersion="4.0" xmlns="http://schemas.microsoft.com/developer/msbuild/2003">
  <ItemGroup>
    <Filter Include="Source Files">
      <UniqueIdentifier>{40baf4b0-03d8-4994-bcda-1003865f8d8f}</UniqueIdentifier>
      <Extensions>cpp;c;cxx;rc;def;r;odl;idl;hpj;bat</Extensions>
    </Filter>
    <Filter Include="Header Files">
      <UniqueIdentifier>{6d0d8551-abf2-4677-9d96-7b4fe7aebd8f}</UniqueIdentifier>
      <Extensions>h;hpp;hxx;hm;inl</Extensions>
    </Filter>
  </ItemGroup>
  <ItemGroup>
    <ClCompile Include="track.cpp">
      <Filter>Source Files</Filter>
    </ClCompile>
    <ClCompile Include="track3.cpp">
      <Filter>Source Files</Filter>
    </ClCompile>
    <ClCompile Include="track4.cpp">
      <Filter>Source Files</Filter>
    </ClCompile>
    <ClCompile Include="trackitf.cpp">
      <Filter>Source Files</Filter>
    </ClCompile>
    <ClCompile Include="trackutil.cpp">
      <Filter>Source Files</Filter>
    </ClCompile>
  </ItemGroup>
  <ItemGroup>
    <None Include="track.def">
      <Filter>Source Files</Filter>
    </None>
  </ItemGroup>
  <ItemGroup>
    <ClInclude Include="trackinc.h">
      <Filter>Header Files</Filter>
    </ClInclude>
  </ItemGroup>
</Project>