<?xml version="1.0" encoding="utf-8"?>
<Project ToolsVersion="4.0" xmlns="http://schemas.microsoft.com/developer/msbuild/2003">
  <ItemGroup>
    <Filter Include="Quellcodedateien">
      <UniqueIdentifier>{592f96e8-9736-4b12-aa53-2fb891884f64}</UniqueIdentifier>
      <Extensions>cpp;c;cxx;rc;def;r;odl;idl;hpj;bat</Extensions>
    </Filter>
    <Filter Include="Header-Dateien">
      <UniqueIdentifier>{f9f26505-1de2-4bb5-a241-7b94fb4ce6c6}</UniqueIdentifier>
      <Extensions>h;hpp;hxx;hm;inl</Extensions>
    </Filter>
    <Filter Include="Ressourcendateien">
      <UniqueIdentifier>{f7865578-12ed-484b-b876-a1ccbc2af413}</UniqueIdentifier>
      <Extensions>ico;cur;bmp;dlg;rc2;rct;bin;rgs;gif;jpg;jpeg;jpe</Extensions>
    </Filter>
  </ItemGroup>
  <ItemGroup>
    <ClCompile Include="mainnfsperf.cpp">
      <Filter>Quellcodedateien</Filter>
    </ClCompile>
  </ItemGroup>
</Project>